
Microsoft Visual Studio Solution File, Format Version 12.00
# Visual Studio Version 17
VisualStudioVersion = 17.11.35312.102
MinimumVisualStudioVersion = 10.0.40219.1
Project("{FAE04EC0-301F-11D3-BF4B-00C04F79EFBC}") = "Lab03-01", "Lab03-01\Lab03-01.csproj", "{B2AA7B81-AA4C-4B7F-AAA0-D5F02389494B}"
EndProject
Project("{FAE04EC0-301F-11D3-BF4B-00C04F79EFBC}") = "Lap03-02", "Lap03-02\Lap03-02.csproj", "{47721040-B93B-4C11-9865-A088A0F08BBB}"
EndProject
Global
	GlobalSection(SolutionConfigurationPlatforms) = preSolution
		Debug|Any CPU = Debug|Any CPU
		Release|Any CPU = Release|Any CPU
	EndGlobalSection
	GlobalSection(ProjectConfigurationPlatforms) = postSolution
		{B2AA7B81-AA4C-4B7F-AAA0-D5F02389494B}.Debug|Any CPU.ActiveCfg = Debug|Any CPU
		{B2AA7B81-AA4C-4B7F-AAA0-D5F02389494B}.Debug|Any CPU.Build.0 = Debug|Any CPU
		{B2AA7B81-AA4C-4B7F-AAA0-D5F02389494B}.Release|Any CPU.ActiveCfg = Release|Any CPU
		{B2AA7B81-AA4C-4B7F-AAA0-D5F02389494B}.Release|Any CPU.Build.0 = Release|Any CPU
		{47721040-B93B-4C11-9865-A088A0F08BBB}.Debug|Any CPU.ActiveCfg = Debug|Any CPU
		{47721040-B93B-4C11-9865-A088A0F08BBB}.Debug|Any CPU.Build.0 = Debug|Any CPU
		{47721040-B93B-4C11-9865-A088A0F08BBB}.Release|Any CPU.ActiveCfg = Release|Any CPU
		{47721040-B93B-4C11-9865-A088A0F08BBB}.Release|Any CPU.Build.0 = Release|Any CPU
	EndGlobalSection
	GlobalSection(SolutionProperties) = preSolution
		HideSolutionNode = FALSE
	EndGlobalSection
	GlobalSection(ExtensibilityGlobals) = postSolution
		SolutionGuid = {6727E277-AB63-47B9-9FC3-AADE9AAFF482}
	EndGlobalSection
EndGlobal
